
Microsoft Visual Studio Solution File, Format Version 12.00
# Visual Studio 14
VisualStudioVersion = 14.0.25420.1
MinimumVisualStudioVersion = 10.0.40219.1
Project("{8BC9CEB8-8B4A-11D0-8D11-00A0C91BC942}") = "vlmcsd-Windows", "vlmcsd\vlmcsd.vcxproj", "{918B4F5B-6356-451E-998C-5FCB29988170}"
EndProject
Project("{8BC9CEB8-8B4A-11D0-8D11-00A0C91BC942}") = "vlmcs-Windows", "vlmcs\vlmcs.vcxproj", "{2B3F305D-6351-4F4A-A7F2-1F9B1988CDEE}"
EndProject
Project("{8BC9CEB8-8B4A-11D0-8D11-00A0C91BC942}") = "vlmcsdmulti-Windows", "vlmcsdmulti\vlmcsdmulti.vcxproj", "{7F07671D-1432-43E9-9D72-08435F216B5E}"
EndProject
Project("{8BC9CEB8-8B4A-11D0-8D11-00A0C91BC942}") = "libkms-Windows", "libkms\libkms.vcxproj", "{2A0FC04D-C3C0-43E2-8812-53AE901C5395}"
EndProject
Project("{8BC9CEB8-8B4A-11D0-8D11-00A0C91BC942}") = "vlmcsd-gcc5", "..\src\vlmcsd-linux-remote.vcxproj", "{CC2FBE0B-B9DF-4306-88A1-20706BBD2B0C}"
EndProject
Project("{8BC9CEB8-8B4A-11D0-8D11-00A0C91BC942}") = "vlmcs-gcc5", "..\src\vlmcs-linux-remote.vcxproj", "{1ED83566-8AE1-4EE8-9B62-37188A7AC7CA}"
EndProject
Global
	GlobalSection(SolutionConfigurationPlatforms) = preSolution
		Debug|x64 = Debug|x64
		Debug|x86 = Debug|x86
		publish|x64 = publish|x64
		publish|x86 = publish|x86
		Release|x64 = Release|x64
		Release|x86 = Release|x86
	EndGlobalSection
	GlobalSection(ProjectConfigurationPlatforms) = postSolution
		{918B4F5B-6356-451E-998C-5FCB29988170}.Debug|x64.ActiveCfg = Debug|x64
		{918B4F5B-6356-451E-998C-5FCB29988170}.Debug|x64.Build.0 = Debug|x64
		{918B4F5B-6356-451E-998C-5FCB29988170}.Debug|x86.ActiveCfg = Debug|Win32
		{918B4F5B-6356-451E-998C-5FCB29988170}.Debug|x86.Build.0 = Debug|Win32
		{918B4F5B-6356-451E-998C-5FCB29988170}.publish|x64.ActiveCfg = Release|x64
		{918B4F5B-6356-451E-998C-5FCB29988170}.publish|x64.Build.0 = Release|x64
		{918B4F5B-6356-451E-998C-5FCB29988170}.publish|x86.ActiveCfg = Release|Win32
		{918B4F5B-6356-451E-998C-5FCB29988170}.publish|x86.Build.0 = Release|Win32
		{918B4F5B-6356-451E-998C-5FCB29988170}.Release|x64.ActiveCfg = Release|x64
		{918B4F5B-6356-451E-998C-5FCB29988170}.Release|x64.Build.0 = Release|x64
		{918B4F5B-6356-451E-998C-5FCB29988170}.Release|x86.ActiveCfg = Release|Win32
		{918B4F5B-6356-451E-998C-5FCB29988170}.Release|x86.Build.0 = Release|Win32
		{2B3F305D-6351-4F4A-A7F2-1F9B1988CDEE}.Debug|x64.ActiveCfg = Debug|x64
		{2B3F305D-6351-4F4A-A7F2-1F9B1988CDEE}.Debug|x64.Build.0 = Debug|x64
		{2B3F305D-6351-4F4A-A7F2-1F9B1988CDEE}.Debug|x86.ActiveCfg = Debug|Win32
		{2B3F305D-6351-4F4A-A7F2-1F9B1988CDEE}.Debug|x86.Build.0 = Debug|Win32
		{2B3F305D-6351-4F4A-A7F2-1F9B1988CDEE}.publish|x64.ActiveCfg = Release|x64
		{2B3F305D-6351-4F4A-A7F2-1F9B1988CDEE}.publish|x64.Build.0 = Release|x64
		{2B3F305D-6351-4F4A-A7F2-1F9B1988CDEE}.publish|x86.ActiveCfg = Release|Win32
		{2B3F305D-6351-4F4A-A7F2-1F9B1988CDEE}.publish|x86.Build.0 = Release|Win32
		{2B3F305D-6351-4F4A-A7F2-1F9B1988CDEE}.Release|x64.ActiveCfg = Release|x64
		{2B3F305D-6351-4F4A-A7F2-1F9B1988CDEE}.Release|x64.Build.0 = Release|x64
		{2B3F305D-6351-4F4A-A7F2-1F9B1988CDEE}.Release|x86.ActiveCfg = Release|Win32
		{2B3F305D-6351-4F4A-A7F2-1F9B1988CDEE}.Release|x86.Build.0 = Release|Win32
		{7F07671D-1432-43E9-9D72-08435F216B5E}.Debug|x64.ActiveCfg = Debug|x64
		{7F07671D-1432-43E9-9D72-08435F216B5E}.Debug|x64.Build.0 = Debug|x64
		{7F07671D-1432-43E9-9D72-08435F216B5E}.Debug|x86.ActiveCfg = Debug|Win32
		{7F07671D-1432-43E9-9D72-08435F216B5E}.Debug|x86.Build.0 = Debug|Win32
		{7F07671D-1432-43E9-9D72-08435F216B5E}.publish|x64.ActiveCfg = Release|x64
		{7F07671D-1432-43E9-9D72-08435F216B5E}.publish|x64.Build.0 = Release|x64
		{7F07671D-1432-43E9-9D72-08435F216B5E}.publish|x86.ActiveCfg = Release|Win32
		{7F07671D-1432-43E9-9D72-08435F216B5E}.publish|x86.Build.0 = Release|Win32
		{7F07671D-1432-43E9-9D72-08435F216B5E}.Release|x64.ActiveCfg = Release|x64
		{7F07671D-1432-43E9-9D72-08435F216B5E}.Release|x64.Build.0 = Release|x64
		{7F07671D-1432-43E9-9D72-08435F216B5E}.Release|x86.ActiveCfg = Release|Win32
		{7F07671D-1432-43E9-9D72-08435F216B5E}.Release|x86.Build.0 = Release|Win32
		{2A0FC04D-C3C0-43E2-8812-53AE901C5395}.Debug|x64.ActiveCfg = Debug|x64
		{2A0FC04D-C3C0-43E2-8812-53AE901C5395}.Debug|x64.Build.0 = Debug|x64
		{2A0FC04D-C3C0-43E2-8812-53AE901C5395}.Debug|x86.ActiveCfg = Debug|Win32
		{2A0FC04D-C3C0-43E2-8812-53AE901C5395}.Debug|x86.Build.0 = Debug|Win32
		{2A0FC04D-C3C0-43E2-8812-53AE901C5395}.publish|x64.ActiveCfg = Release|x64
		{2A0FC04D-C3C0-43E2-8812-53AE901C5395}.publish|x64.Build.0 = Release|x64
		{2A0FC04D-C3C0-43E2-8812-53AE901C5395}.publish|x86.ActiveCfg = Release|Win32
		{2A0FC04D-C3C0-43E2-8812-53AE901C5395}.publish|x86.Build.0 = Release|Win32
		{2A0FC04D-C3C0-43E2-8812-53AE901C5395}.Release|x64.ActiveCfg = Release|x64
		{2A0FC04D-C3C0-43E2-8812-53AE901C5395}.Release|x64.Build.0 = Release|x64
		{2A0FC04D-C3C0-43E2-8812-53AE901C5395}.Release|x86.ActiveCfg = Release|Win32
		{2A0FC04D-C3C0-43E2-8812-53AE901C5395}.Release|x86.Build.0 = Release|Win32
		{CC2FBE0B-B9DF-4306-88A1-20706BBD2B0C}.Debug|x64.ActiveCfg = Debug|x64
		{CC2FBE0B-B9DF-4306-88A1-20706BBD2B0C}.Debug|x64.Build.0 = Debug|x64
		{CC2FBE0B-B9DF-4306-88A1-20706BBD2B0C}.Debug|x86.ActiveCfg = Debug|x86
		{CC2FBE0B-B9DF-4306-88A1-20706BBD2B0C}.Debug|x86.Build.0 = Debug|x86
		{CC2FBE0B-B9DF-4306-88A1-20706BBD2B0C}.publish|x64.ActiveCfg = Release|x64
		{CC2FBE0B-B9DF-4306-88A1-20706BBD2B0C}.publish|x86.ActiveCfg = Release|x86
		{CC2FBE0B-B9DF-4306-88A1-20706BBD2B0C}.Release|x64.ActiveCfg = Release|x64
		{CC2FBE0B-B9DF-4306-88A1-20706BBD2B0C}.Release|x64.Build.0 = Release|x64
		{CC2FBE0B-B9DF-4306-88A1-20706BBD2B0C}.Release|x86.ActiveCfg = Release|x86
		{CC2FBE0B-B9DF-4306-88A1-20706BBD2B0C}.Release|x86.Build.0 = Release|x86
		{1ED83566-8AE1-4EE8-9B62-37188A7AC7CA}.Debug|x64.ActiveCfg = Debug|x64
		{1ED83566-8AE1-4EE8-9B62-37188A7AC7CA}.Debug|x64.Build.0 = Debug|x64
		{1ED83566-8AE1-4EE8-9B62-37188A7AC7CA}.Debug|x86.ActiveCfg = Debug|x86
		{1ED83566-8AE1-4EE8-9B62-37188A7AC7CA}.Debug|x86.Build.0 = Debug|x86
		{1ED83566-8AE1-4EE8-9B62-37188A7AC7CA}.publish|x64.ActiveCfg = Release|x64
		{1ED83566-8AE1-4EE8-9B62-37188A7AC7CA}.publish|x86.ActiveCfg = Release|x86
		{1ED83566-8AE1-4EE8-9B62-37188A7AC7CA}.Release|x64.ActiveCfg = Release|x64
		{1ED83566-8AE1-4EE8-9B62-37188A7AC7CA}.Release|x64.Build.0 = Release|x64
		{1ED83566-8AE1-4EE8-9B62-37188A7AC7CA}.Release|x86.ActiveCfg = Release|x86
		{1ED83566-8AE1-4EE8-9B62-37188A7AC7CA}.Release|x86.Build.0 = Release|x86
	EndGlobalSection
	GlobalSection(SolutionProperties) = preSolution
		HideSolutionNode = FALSE
	EndGlobalSection
EndGlobal
