<?xml version="1.0" encoding="utf-8"?>
<Project ToolsVersion="4.0" xmlns="http://schemas.microsoft.com/developer/msbuild/2003">
  <ItemGroup>
    <Filter Include="Source Files">
      <UniqueIdentifier>{4FC737F1-C7A5-4376-A066-2A32D752A2FF}</UniqueIdentifier>
      <Extensions>cpp;c;cc;cxx;def;odl;idl;hpj;bat;asm;asmx</Extensions>
    </Filter>
    <Filter Include="Header Files">
      <UniqueIdentifier>{93995380-89BD-4b04-88EB-625FBE52EBFB}</UniqueIdentifier>
      <Extensions>h;hh;hpp;hxx;hm;inl;inc;xsd</Extensions>
    </Filter>
    <Filter Include="Resource Files">
      <UniqueIdentifier>{67DA6AB6-F800-4c08-8B7A-83BB121AAD01}</UniqueIdentifier>
      <Extensions>rc;ico;cur;bmp;dlg;rc2;rct;bin;rgs;gif;jpg;jpeg;jpe;resx;tiff;tif;png;wav;mfcribbon-ms</Extensions>
    </Filter>
  </ItemGroup>
  <ItemGroup>
    <ClInclude Include="..\config.h">
      <Filter>Header Files</Filter>
    </ClInclude>
    <ClInclude Include="..\crypto.h">
      <Filter>Header Files</Filter>
    </ClInclude>
    <ClInclude Include="..\crypto_internal.h">
      <Filter>Header Files</Filter>
    </ClInclude>
    <ClInclude Include="..\crypto_windows.h">
      <Filter>Header Files</Filter>
    </ClInclude>
    <ClInclude Include="..\endian.h">
      <Filter>Header Files</Filter>
    </ClInclude>
    <ClInclude Include="..\helpers.h">
      <Filter>Header Files</Filter>
    </ClInclude>
    <ClInclude Include="..\kms.h">
      <Filter>Header Files</Filter>
    </ClInclude>
    <ClInclude Include="..\network.h">
      <Filter>Header Files</Filter>
    </ClInclude>
    <ClInclude Include="..\ntservice.h">
      <Filter>Header Files</Filter>
    </ClInclude>
    <ClInclude Include="..\output.h">
      <Filter>Header Files</Filter>
    </ClInclude>
    <ClInclude Include="..\rpc.h">
      <Filter>Header Files</Filter>
    </ClInclude>
    <ClInclude Include="..\shared_globals.h">
      <Filter>Header Files</Filter>
    </ClInclude>
    <ClInclude Include="..\types.h">
      <Filter>Header Files</Filter>
    </ClInclude>
    <ClInclude Include="..\vlmcsd.h">
      <Filter>Header Files</Filter>
    </ClInclude>
    <ClInclude Include="..\wingetopt.h">
      <Filter>Header Files</Filter>
    </ClInclude>
  </ItemGroup>
  <ItemGroup>
    <ClCompile Include="..\crypto.c">
      <Filter>Source Files</Filter>
    </ClCompile>
    <ClCompile Include="..\crypto_windows.c">
      <Filter>Source Files</Filter>
    </ClCompile>
    <ClCompile Include="..\endian.c">
      <Filter>Source Files</Filter>
    </ClCompile>
    <ClCompile Include="..\helpers.c">
      <Filter>Source Files</Filter>
    </ClCompile>
    <ClCompile Include="..\kms.c">
      <Filter>Source Files</Filter>
    </ClCompile>
    <ClCompile Include="..\network.c">
      <Filter>Source Files</Filter>
    </ClCompile>
    <ClCompile Include="..\ntservice.c">
      <Filter>Source Files</Filter>
    </ClCompile>
    <ClCompile Include="..\output.c">
      <Filter>Source Files</Filter>
    </ClCompile>
    <ClCompile Include="..\rpc.c">
      <Filter>Source Files</Filter>
    </ClCompile>
    <ClCompile Include="..\shared_globals.c">
      <Filter>Source Files</Filter>
    </ClCompile>
    <ClCompile Include="..\vlmcsd.c">
      <Filter>Source Files</Filter>
    </ClCompile>
    <ClCompile Include="..\wingetopt.c">
      <Filter>Source Files</Filter>
    </ClCompile>
  </ItemGroup>
</Project>