<?xml version="1.0" encoding="utf-8"?>
<Project ToolsVersion="4.0" xmlns="http://schemas.microsoft.com/developer/msbuild/2003">
  <ItemGroup>
    <Filter Include="Header Files">
      <UniqueIdentifier>{22067196-44a9-4820-9cc9-c1915fa0993f}</UniqueIdentifier>
    </Filter>
    <Filter Include="Source Files">
      <UniqueIdentifier>{40252c2e-6490-4f33-91fe-dbdd7f401b88}</UniqueIdentifier>
    </Filter>
  </ItemGroup>
  <ItemGroup>
    <ClCompile Include="crypto.c">
      <Filter>Source Files</Filter>
    </ClCompile>
    <ClCompile Include="crypto_internal.c">
      <Filter>Source Files</Filter>
    </ClCompile>
    <ClCompile Include="crypto_openssl.c">
      <Filter>Source Files</Filter>
    </ClCompile>
    <ClCompile Include="endian.c">
      <Filter>Source Files</Filter>
    </ClCompile>
    <ClCompile Include="helpers.c">
      <Filter>Source Files</Filter>
    </ClCompile>
    <ClCompile Include="kms.c">
      <Filter>Source Files</Filter>
    </ClCompile>
    <ClCompile Include="network.c">
      <Filter>Source Files</Filter>
    </ClCompile>
    <ClCompile Include="output.c">
      <Filter>Source Files</Filter>
    </ClCompile>
    <ClCompile Include="rpc.c">
      <Filter>Source Files</Filter>
    </ClCompile>
    <ClCompile Include="shared_globals.c">
      <Filter>Source Files</Filter>
    </ClCompile>
    <ClCompile Include="vlmcsd.c">
      <Filter>Source Files</Filter>
    </ClCompile>
    <ClCompile Include="kmsdata.c">
      <Filter>Source Files</Filter>
    </ClCompile>
  </ItemGroup>
  <ItemGroup>
    <ClInclude Include="config.h">
      <Filter>Header Files</Filter>
    </ClInclude>
    <ClInclude Include="crypto.h">
      <Filter>Header Files</Filter>
    </ClInclude>
    <ClInclude Include="crypto_internal.h">
      <Filter>Header Files</Filter>
    </ClInclude>
    <ClInclude Include="crypto_openssl.h">
      <Filter>Header Files</Filter>
    </ClInclude>
    <ClInclude Include="crypto_polarssl.h">
      <Filter>Header Files</Filter>
    </ClInclude>
    <ClInclude Include="endian.h">
      <Filter>Header Files</Filter>
    </ClInclude>
    <ClInclude Include="helpers.h">
      <Filter>Header Files</Filter>
    </ClInclude>
    <ClInclude Include="kms.h">
      <Filter>Header Files</Filter>
    </ClInclude>
    <ClInclude Include="network.h">
      <Filter>Header Files</Filter>
    </ClInclude>
    <ClInclude Include="ntservice.h">
      <Filter>Header Files</Filter>
    </ClInclude>
    <ClInclude Include="output.h">
      <Filter>Header Files</Filter>
    </ClInclude>
    <ClInclude Include="rpc.h">
      <Filter>Header Files</Filter>
    </ClInclude>
    <ClInclude Include="shared_globals.h">
      <Filter>Header Files</Filter>
    </ClInclude>
    <ClInclude Include="types.h">
      <Filter>Header Files</Filter>
    </ClInclude>
    <ClInclude Include="vlmcsd.h">
      <Filter>Header Files</Filter>
    </ClInclude>
    <ClInclude Include="kmsdata.h">
      <Filter>Header Files</Filter>
    </ClInclude>
  </ItemGroup>
</Project>